
Microsoft Visual Studio Solution File, Format Version 12.00
# Visual Studio Version 17
VisualStudioVersion = 17.9.34902.65
MinimumVisualStudioVersion = 10.0.40219.1
Project("{FAE04EC0-301F-11D3-BF4B-00C04F79EFBC}") = "PrescriptionApp", "PrescriptionApp\PrescriptionApp.csproj", "{8E91FBAB-FAED-423F-8B5F-9FB45ADC8D69}"
EndProject
Global
	GlobalSection(SolutionConfigurationPlatforms) = preSolution
		Debug|Any CPU = Debug|Any CPU
		Release|Any CPU = Release|Any CPU
	EndGlobalSection
	GlobalSection(ProjectConfigurationPlatforms) = postSolution
		{8E91FBAB-FAED-423F-8B5F-9FB45ADC8D69}.Debug|Any CPU.ActiveCfg = Debug|Any CPU
		{8E91FBAB-FAED-423F-8B5F-9FB45ADC8D69}.Debug|Any CPU.Build.0 = Debug|Any CPU
		{8E91FBAB-FAED-423F-8B5F-9FB45ADC8D69}.Release|Any CPU.ActiveCfg = Release|Any CPU
		{8E91FBAB-FAED-423F-8B5F-9FB45ADC8D69}.Release|Any CPU.Build.0 = Release|Any CPU
	EndGlobalSection
	GlobalSection(SolutionProperties) = preSolution
		HideSolutionNode = FALSE
	EndGlobalSection
	GlobalSection(ExtensibilityGlobals) = postSolution
		SolutionGuid = {3827ED3D-5F35-4759-BE9B-2B887E093324}
	EndGlobalSection
EndGlobal
